
Microsoft Visual Studio Solution File, Format Version 12.00
# Visual Studio 15
VisualStudioVersion = 15.0.28307.572
MinimumVisualStudioVersion = 10.0.40219.1
Project("{FAE04EC0-301F-11D3-BF4B-00C04F79EFBC}") = "WallpaperSetter", "WallpaperSetter\WallpaperSetter.csproj", "{BD93DEFA-69E3-4F3E-9D66-4C6B1A904A37}"
EndProject
Global
	GlobalSection(SolutionConfigurationPlatforms) = preSolution
		Debug|Any CPU = Debug|Any CPU
		Release|Any CPU = Release|Any CPU
	EndGlobalSection
	GlobalSection(ProjectConfigurationPlatforms) = postSolution
		{BD93DEFA-69E3-4F3E-9D66-4C6B1A904A37}.Debug|Any CPU.ActiveCfg = Debug|Any CPU
		{BD93DEFA-69E3-4F3E-9D66-4C6B1A904A37}.Debug|Any CPU.Build.0 = Debug|Any CPU
		{BD93DEFA-69E3-4F3E-9D66-4C6B1A904A37}.Release|Any CPU.ActiveCfg = Release|Any CPU
		{BD93DEFA-69E3-4F3E-9D66-4C6B1A904A37}.Release|Any CPU.Build.0 = Release|Any CPU
	EndGlobalSection
	GlobalSection(SolutionProperties) = preSolution
		HideSolutionNode = FALSE
	EndGlobalSection
	GlobalSection(ExtensibilityGlobals) = postSolution
		SolutionGuid = {3208820A-DA82-4972-9C05-FA191D5723C1}
	EndGlobalSection
EndGlobal
